
Microsoft Visual Studio Solution File, Format Version 12.00
# Visual Studio Version 16
VisualStudioVersion = 16.0.31702.278
MinimumVisualStudioVersion = 10.0.40219.1
Project("{9A19103F-16F7-4668-BE54-9A1E7A4F7556}") = "8Zad", "8Zad\8Zad.csproj", "{29CB3DD3-2027-486C-8133-4F2DC6AA35A7}"
EndProject
Project("{FAE04EC0-301F-11D3-BF4B-00C04F79EFBC}") = "8ZAd Forms", "8ZAd Forms\8ZAd Forms.csproj", "{36DB2E3E-510B-49F1-9C8C-98284D181C84}"
EndProject
Global
	GlobalSection(SolutionConfigurationPlatforms) = preSolution
		Debug|Any CPU = Debug|Any CPU
		Release|Any CPU = Release|Any CPU
	EndGlobalSection
	GlobalSection(ProjectConfigurationPlatforms) = postSolution
		{29CB3DD3-2027-486C-8133-4F2DC6AA35A7}.Debug|Any CPU.ActiveCfg = Debug|Any CPU
		{29CB3DD3-2027-486C-8133-4F2DC6AA35A7}.Debug|Any CPU.Build.0 = Debug|Any CPU
		{29CB3DD3-2027-486C-8133-4F2DC6AA35A7}.Release|Any CPU.ActiveCfg = Release|Any CPU
		{29CB3DD3-2027-486C-8133-4F2DC6AA35A7}.Release|Any CPU.Build.0 = Release|Any CPU
		{36DB2E3E-510B-49F1-9C8C-98284D181C84}.Debug|Any CPU.ActiveCfg = Debug|Any CPU
		{36DB2E3E-510B-49F1-9C8C-98284D181C84}.Debug|Any CPU.Build.0 = Debug|Any CPU
		{36DB2E3E-510B-49F1-9C8C-98284D181C84}.Release|Any CPU.ActiveCfg = Release|Any CPU
		{36DB2E3E-510B-49F1-9C8C-98284D181C84}.Release|Any CPU.Build.0 = Release|Any CPU
	EndGlobalSection
	GlobalSection(SolutionProperties) = preSolution
		HideSolutionNode = FALSE
	EndGlobalSection
	GlobalSection(ExtensibilityGlobals) = postSolution
		SolutionGuid = {D6612AF7-FBEE-4FA9-93FF-53C61153726D}
	EndGlobalSection
EndGlobal
